
Microsoft Visual Studio Solution File, Format Version 12.00
# Visual Studio Version 16
VisualStudioVersion = 16.0.32413.511
MinimumVisualStudioVersion = 10.0.40219.1
Project("{FAE04EC0-301F-11D3-BF4B-00C04F79EFBC}") = "AuthService", "DotNetCoreAPIPractice\AuthService.csproj", "{6019F98B-C13E-4F39-886A-43F5A90F53FB}"
EndProject
Project("{FAE04EC0-301F-11D3-BF4B-00C04F79EFBC}") = "AuthService.Application", "AuthService\AuthService.Application.csproj", "{40C32256-E738-4D4C-9658-1162D47CDF5F}"
EndProject
Project("{FAE04EC0-301F-11D3-BF4B-00C04F79EFBC}") = "AuthService.Domain", "AuthService.Domain\AuthService.Domain.csproj", "{0EB94C8E-677F-4403-AC52-3532F232AB67}"
EndProject
Project("{FAE04EC0-301F-11D3-BF4B-00C04F79EFBC}") = "AuthService.Infrastructure", "AuthService.Infrastructure\AuthService.Infrastructure.csproj", "{8EB05C16-E0C6-4EE2-8F4C-5474DED6FDE2}"
EndProject
Global
	GlobalSection(SolutionConfigurationPlatforms) = preSolution
		Debug|Any CPU = Debug|Any CPU
		Release|Any CPU = Release|Any CPU
	EndGlobalSection
	GlobalSection(ProjectConfigurationPlatforms) = postSolution
		{6019F98B-C13E-4F39-886A-43F5A90F53FB}.Debug|Any CPU.ActiveCfg = Debug|Any CPU
		{6019F98B-C13E-4F39-886A-43F5A90F53FB}.Debug|Any CPU.Build.0 = Debug|Any CPU
		{6019F98B-C13E-4F39-886A-43F5A90F53FB}.Release|Any CPU.ActiveCfg = Release|Any CPU
		{6019F98B-C13E-4F39-886A-43F5A90F53FB}.Release|Any CPU.Build.0 = Release|Any CPU
		{40C32256-E738-4D4C-9658-1162D47CDF5F}.Debug|Any CPU.ActiveCfg = Debug|Any CPU
		{40C32256-E738-4D4C-9658-1162D47CDF5F}.Debug|Any CPU.Build.0 = Debug|Any CPU
		{40C32256-E738-4D4C-9658-1162D47CDF5F}.Release|Any CPU.ActiveCfg = Release|Any CPU
		{40C32256-E738-4D4C-9658-1162D47CDF5F}.Release|Any CPU.Build.0 = Release|Any CPU
		{0EB94C8E-677F-4403-AC52-3532F232AB67}.Debug|Any CPU.ActiveCfg = Debug|Any CPU
		{0EB94C8E-677F-4403-AC52-3532F232AB67}.Debug|Any CPU.Build.0 = Debug|Any CPU
		{0EB94C8E-677F-4403-AC52-3532F232AB67}.Release|Any CPU.ActiveCfg = Release|Any CPU
		{0EB94C8E-677F-4403-AC52-3532F232AB67}.Release|Any CPU.Build.0 = Release|Any CPU
		{8EB05C16-E0C6-4EE2-8F4C-5474DED6FDE2}.Debug|Any CPU.ActiveCfg = Debug|Any CPU
		{8EB05C16-E0C6-4EE2-8F4C-5474DED6FDE2}.Debug|Any CPU.Build.0 = Debug|Any CPU
		{8EB05C16-E0C6-4EE2-8F4C-5474DED6FDE2}.Release|Any CPU.ActiveCfg = Release|Any CPU
		{8EB05C16-E0C6-4EE2-8F4C-5474DED6FDE2}.Release|Any CPU.Build.0 = Release|Any CPU
	EndGlobalSection
	GlobalSection(SolutionProperties) = preSolution
		HideSolutionNode = FALSE
	EndGlobalSection
	GlobalSection(ExtensibilityGlobals) = postSolution
		SolutionGuid = {6D9B8422-364C-4A0B-88AD-66417ECD0A80}
	EndGlobalSection
EndGlobal
